
Microsoft Visual Studio Solution File, Format Version 12.00
# Visual Studio 14
VisualStudioVersion = 14.0.25123.0
MinimumVisualStudioVersion = 10.0.40219.1
Project("{FAE04EC0-301F-11D3-BF4B-00C04F79EFBC}") = "CqrsRestService.Test", "CqrsRestService.Test\CqrsRestService.Test.csproj", "{93EE5ECE-B84C-41C9-98A7-5AFB61C311B6}"
EndProject
Project("{FAE04EC0-301F-11D3-BF4B-00C04F79EFBC}") = "CqrsRestService.CorePortable", "CqrsRestService.CorePortable\CqrsRestService.CorePortable.csproj", "{0352D212-CB05-4F7E-937C-29886D2CE050}"
EndProject
Project("{FAE04EC0-301F-11D3-BF4B-00C04F79EFBC}") = "CqrsRestService.Core", "CqrsRestService.Core\CqrsRestService.Core.csproj", "{87E48696-8250-4C2E-949F-856ABAB20C57}"
EndProject
Global
	GlobalSection(SolutionConfigurationPlatforms) = preSolution
		Debug|Any CPU = Debug|Any CPU
		Release|Any CPU = Release|Any CPU
	EndGlobalSection
	GlobalSection(ProjectConfigurationPlatforms) = postSolution
		{93EE5ECE-B84C-41C9-98A7-5AFB61C311B6}.Debug|Any CPU.ActiveCfg = Debug|Any CPU
		{93EE5ECE-B84C-41C9-98A7-5AFB61C311B6}.Debug|Any CPU.Build.0 = Debug|Any CPU
		{93EE5ECE-B84C-41C9-98A7-5AFB61C311B6}.Release|Any CPU.ActiveCfg = Release|Any CPU
		{93EE5ECE-B84C-41C9-98A7-5AFB61C311B6}.Release|Any CPU.Build.0 = Release|Any CPU
		{0352D212-CB05-4F7E-937C-29886D2CE050}.Debug|Any CPU.ActiveCfg = Debug|Any CPU
		{0352D212-CB05-4F7E-937C-29886D2CE050}.Debug|Any CPU.Build.0 = Debug|Any CPU
		{0352D212-CB05-4F7E-937C-29886D2CE050}.Release|Any CPU.ActiveCfg = Release|Any CPU
		{0352D212-CB05-4F7E-937C-29886D2CE050}.Release|Any CPU.Build.0 = Release|Any CPU
		{87E48696-8250-4C2E-949F-856ABAB20C57}.Debug|Any CPU.ActiveCfg = Debug|Any CPU
		{87E48696-8250-4C2E-949F-856ABAB20C57}.Debug|Any CPU.Build.0 = Debug|Any CPU
		{87E48696-8250-4C2E-949F-856ABAB20C57}.Release|Any CPU.ActiveCfg = Release|Any CPU
		{87E48696-8250-4C2E-949F-856ABAB20C57}.Release|Any CPU.Build.0 = Release|Any CPU
	EndGlobalSection
	GlobalSection(SolutionProperties) = preSolution
		HideSolutionNode = FALSE
	EndGlobalSection
EndGlobal
